Microsoft Visual Studio Solution File, Format Version 12.00

Project("{2150E333-8FDC-42A3-9474-1A3956D46DE8}") = "src", "src", "{07DDEC5A-B01A-4478-B01E-9A93DB9751BF}"
EndProject
Project("{2150E333-8FDC-42A3-9474-1A3956D46DE8}") = "tests", "tests", "{0F39FCD5-0050-4AAE-BCCF-07C83D40C55F}"
EndProject
Project("{2150E333-8FDC-42A3-9474-1A3956D46DE8}") = "Modules", "Modules", "{B85848D8-BCB5-496F-BDA8-D4E8A234E7F4}"
EndProject
Project("{FAE04EC0-301F-11D3-BF4B-00C04F79EFBC}") = "UniMeet.API", "src\UniMeet.API\UniMeet.API.csproj", "{6D5880E7-E007-43C4-B5A0-9AB8FD22487C}"
EndProject
Project("{FAE04EC0-301F-11D3-BF4B-00C04F79EFBC}") = "UniMeet.Shared", "src\UniMeet.Shared\UniMeet.Shared.csproj", "{AC6D49BC-E2A8-4DDC-BD52-C254FDC26197}"
EndProject
Project("{FAE04EC0-301F-11D3-BF4B-00C04F79EFBC}") = "ModularSystem", "src\ModularSystem\ModularSystem.csproj", "{212608F0-D42F-416D-8666-3B9CA7E13EE7}"
EndProject
Project("{2150E333-8FDC-42A3-9474-1A3956D46DE8}") = "UserModule", "UserModule", "{2519B08F-57E3-4864-867F-C2934262FFC3}"
EndProject
Project("{FAE04EC0-301F-11D3-BF4B-00C04F79EFBC}") = "UniMeet.UserModule.Domain", "src\Modules\UserModule\UniMeet.UserModule.Domain\UniMeet.UserModule.Domain.csproj", "{F698809F-617E-4CF3-BD83-A5417B35FC4A}"
EndProject
Project("{FAE04EC0-301F-11D3-BF4B-00C04F79EFBC}") = "UniMeet.UserModule.Application", "src\Modules\UserModule\UniMeet.UserModule.Application\UniMeet.UserModule.Application.csproj", "{1F5C7313-9EFE-40F3-B90A-82856E98DC8B}"
EndProject
Project("{FAE04EC0-301F-11D3-BF4B-00C04F79EFBC}") = "UniMeet.UserModule.Infrastructure", "src\Modules\UserModule\UniMeet.UserModule.Infrastructure\UniMeet.UserModule.Infrastructure.csproj", "{ADCF82CB-06E0-4281-975A-A58AF539C0B6}"
EndProject
Project("{FAE04EC0-301F-11D3-BF4B-00C04F79EFBC}") = "UniMeet.UserModule", "src\Modules\UserModule\UniMeet.UserModule\UniMeet.UserModule.csproj", "{FE50E739-157B-46C4-A304-BF8BCA24762C}"
EndProject

Global
	GlobalSection(SolutionConfigurationPlatforms) = preSolution
		Debug|Any CPU = Debug|Any CPU
		Release|Any CPU = Release|Any CPU
	EndGlobalSection
	GlobalSection(NestedProjects) = preSolution
		{B85848D8-BCB5-496F-BDA8-D4E8A234E7F4} = {07DDEC5A-B01A-4478-B01E-9A93DB9751BF}
		{6D5880E7-E007-43C4-B5A0-9AB8FD22487C} = {07DDEC5A-B01A-4478-B01E-9A93DB9751BF}
		{AC6D49BC-E2A8-4DDC-BD52-C254FDC26197} = {07DDEC5A-B01A-4478-B01E-9A93DB9751BF}
		{2519B08F-57E3-4864-867F-C2934262FFC3} = {B85848D8-BCB5-496F-BDA8-D4E8A234E7F4}
		{F698809F-617E-4CF3-BD83-A5417B35FC4A} = {2519B08F-57E3-4864-867F-C2934262FFC3}
		{1F5C7313-9EFE-40F3-B90A-82856E98DC8B} = {2519B08F-57E3-4864-867F-C2934262FFC3}
		{ADCF82CB-06E0-4281-975A-A58AF539C0B6} = {2519B08F-57E3-4864-867F-C2934262FFC3}
		{212608F0-D42F-416D-8666-3B9CA7E13EE7} = {07DDEC5A-B01A-4478-B01E-9A93DB9751BF}
					{5AF40755-9D92-45E0-9984-8D0EBDAEC32F} = {2519B08F-57E3-4864-867F-C2934262FFC3}
		{FE50E739-157B-46C4-A304-BF8BCA24762C} = {2519B08F-57E3-4864-867F-C2934262FFC3}
	EndGlobalSection
	GlobalSection(ProjectConfigurationPlatforms) = postSolution
		{6D5880E7-E007-43C4-B5A0-9AB8FD22487C}.Debug|Any CPU.ActiveCfg = Debug|Any CPU
		{6D5880E7-E007-43C4-B5A0-9AB8FD22487C}.Debug|Any CPU.Build.0 = Debug|Any CPU
		{6D5880E7-E007-43C4-B5A0-9AB8FD22487C}.Release|Any CPU.ActiveCfg = Release|Any CPU
		{6D5880E7-E007-43C4-B5A0-9AB8FD22487C}.Release|Any CPU.Build.0 = Release|Any CPU
		{AC6D49BC-E2A8-4DDC-BD52-C254FDC26197}.Debug|Any CPU.ActiveCfg = Debug|Any CPU
		{AC6D49BC-E2A8-4DDC-BD52-C254FDC26197}.Debug|Any CPU.Build.0 = Debug|Any CPU
		{AC6D49BC-E2A8-4DDC-BD52-C254FDC26197}.Release|Any CPU.ActiveCfg = Release|Any CPU
		{AC6D49BC-E2A8-4DDC-BD52-C254FDC26197}.Release|Any CPU.Build.0 = Release|Any CPU
		{F698809F-617E-4CF3-BD83-A5417B35FC4A}.Debug|Any CPU.ActiveCfg = Debug|Any CPU
		{F698809F-617E-4CF3-BD83-A5417B35FC4A}.Debug|Any CPU.Build.0 = Debug|Any CPU
		{F698809F-617E-4CF3-BD83-A5417B35FC4A}.Release|Any CPU.ActiveCfg = Release|Any CPU
		{F698809F-617E-4CF3-BD83-A5417B35FC4A}.Release|Any CPU.Build.0 = Release|Any CPU
		{1F5C7313-9EFE-40F3-B90A-82856E98DC8B}.Debug|Any CPU.ActiveCfg = Debug|Any CPU
		{1F5C7313-9EFE-40F3-B90A-82856E98DC8B}.Debug|Any CPU.Build.0 = Debug|Any CPU
		{1F5C7313-9EFE-40F3-B90A-82856E98DC8B}.Release|Any CPU.ActiveCfg = Release|Any CPU
		{1F5C7313-9EFE-40F3-B90A-82856E98DC8B}.Release|Any CPU.Build.0 = Release|Any CPU
		{ADCF82CB-06E0-4281-975A-A58AF539C0B6}.Debug|Any CPU.ActiveCfg = Debug|Any CPU
		{ADCF82CB-06E0-4281-975A-A58AF539C0B6}.Debug|Any CPU.Build.0 = Debug|Any CPU
		{ADCF82CB-06E0-4281-975A-A58AF539C0B6}.Release|Any CPU.ActiveCfg = Release|Any CPU
		{ADCF82CB-06E0-4281-975A-A58AF539C0B6}.Release|Any CPU.Build.0 = Release|Any CPU
					{212608F0-D42F-416D-8666-3B9CA7E13EE7}.Debug|Any CPU.ActiveCfg = Debug|Any CPU
								{212608F0-D42F-416D-8666-3B9CA7E13EE7}.Debug|Any CPU.Build.0 = Debug|Any CPU
								{212608F0-D42F-416D-8666-3B9CA7E13EE7}.Release|Any CPU.ActiveCfg = Release|Any CPU
								{212608F0-D42F-416D-8666-3B9CA7E13EE7}.Release|Any CPU.Build.0 = Release|Any CPU
					{F698809F-617E-4CF3-BD83-A5417B35FC4A}.Debug|Any CPU.ActiveCfg = Debug|Any CPU
								{F698809F-617E-4CF3-BD83-A5417B35FC4A}.Debug|Any CPU.Build.0 = Debug|Any CPU
								{F698809F-617E-4CF3-BD83-A5417B35FC4A}.Release|Any CPU.ActiveCfg = Release|Any CPU
								{F698809F-617E-4CF3-BD83-A5417B35FC4A}.Release|Any CPU.Build.0 = Release|Any CPU
								{1F5C7313-9EFE-40F3-B90A-82856E98DC8B}.Debug|Any CPU.ActiveCfg = Debug|Any CPU
								{1F5C7313-9EFE-40F3-B90A-82856E98DC8B}.Debug|Any CPU.Build.0 = Debug|Any CPU
								{1F5C7313-9EFE-40F3-B90A-82856E98DC8B}.Release|Any CPU.ActiveCfg = Release|Any CPU
								{1F5C7313-9EFE-40F3-B90A-82856E98DC8B}.Release|Any CPU.Build.0 = Release|Any CPU
								{ADCF82CB-06E0-4281-975A-A58AF539C0B6}.Debug|Any CPU.ActiveCfg = Debug|Any CPU
								{ADCF82CB-06E0-4281-975A-A58AF539C0B6}.Debug|Any CPU.Build.0 = Debug|Any CPU
								{ADCF82CB-06E0-4281-975A-A58AF539C0B6}.Release|Any CPU.ActiveCfg = Release|Any CPU
								{ADCF82CB-06E0-4281-975A-A58AF539C0B6}.Release|Any CPU.Build.0 = Release|Any CPU
								{5AF40755-9D92-45E0-9984-8D0EBDAEC32F}.Debug|Any CPU.ActiveCfg = Debug|Any CPU
								{5AF40755-9D92-45E0-9984-8D0EBDAEC32F}.Debug|Any CPU.Build.0 = Debug|Any CPU
								{5AF40755-9D92-45E0-9984-8D0EBDAEC32F}.Release|Any CPU.ActiveCfg = Release|Any CPU
								{5AF40755-9D92-45E0-9984-8D0EBDAEC32F}.Release|Any CPU.Build.0 = Release|Any CPU
		{FE50E739-157B-46C4-A304-BF8BCA24762C}.Debug|Any CPU.ActiveCfg = Debug|Any CPU
		{FE50E739-157B-46C4-A304-BF8BCA24762C}.Debug|Any CPU.Build.0 = Debug|Any CPU
		{FE50E739-157B-46C4-A304-BF8BCA24762C}.Release|Any CPU.ActiveCfg = Release|Any CPU
		{FE50E739-157B-46C4-A304-BF8BCA24762C}.Release|Any CPU.Build.0 = Release|Any CPU
	EndGlobalSection
EndGlobal
