
Microsoft Visual Studio Solution File, Format Version 12.00
Project("{2150E333-8FDC-42A3-9474-1A3956D46DE8}") = "src", "src", "{07DDEC5A-B01A-4478-B01E-9A93DB9751BF}"
EndProject
Project("{2150E333-8FDC-42A3-9474-1A3956D46DE8}") = "Modules", "Modules", "{B85848D8-BCB5-496F-BDA8-D4E8A234E7F4}"
EndProject
Project("{FAE04EC0-301F-11D3-BF4B-00C04F79EFBC}") = "UniMeet.API", "src\UniMeet.API\UniMeet.API.csproj", "{6D5880E7-E007-43C4-B5A0-9AB8FD22487C}"
EndProject
Project("{FAE04EC0-301F-11D3-BF4B-00C04F79EFBC}") = "UniMeet.Shared", "src\UniMeet.Shared\UniMeet.Shared.csproj", "{AC6D49BC-E2A8-4DDC-BD52-C254FDC26197}"
EndProject
Project("{FAE04EC0-301F-11D3-BF4B-00C04F79EFBC}") = "ModularSystem", "src\ModularSystem\ModularSystem.csproj", "{212608F0-D42F-416D-8666-3B9CA7E13EE7}"
EndProject
Project("{2150E333-8FDC-42A3-9474-1A3956D46DE8}") = "UserModule", "UserModule", "{2519B08F-57E3-4864-867F-C2934262FFC3}"
EndProject
Project("{FAE04EC0-301F-11D3-BF4B-00C04F79EFBC}") = "UniMeet.UserModule.Domain", "src\Modules\UserModule\UniMeet.UserModule.Domain\UniMeet.UserModule.Domain.csproj", "{F698809F-617E-4CF3-BD83-A5417B35FC4A}"
EndProject
Project("{FAE04EC0-301F-11D3-BF4B-00C04F79EFBC}") = "UniMeet.UserModule.Application", "src\Modules\UserModule\UniMeet.UserModule.Application\UniMeet.UserModule.Application.csproj", "{1F5C7313-9EFE-40F3-B90A-82856E98DC8B}"
EndProject
Project("{FAE04EC0-301F-11D3-BF4B-00C04F79EFBC}") = "UniMeet.UserModule.Infrastructure", "src\Modules\UserModule\UniMeet.UserModule.Infrastructure\UniMeet.UserModule.Infrastructure.csproj", "{ADCF82CB-06E0-4281-975A-A58AF539C0B6}"
EndProject
Project("{FAE04EC0-301F-11D3-BF4B-00C04F79EFBC}") = "UniMeet.UserModule", "src\Modules\UserModule\UniMeet.UserModule\UniMeet.UserModule.csproj", "{FE50E739-157B-46C4-A304-BF8BCA24762C}"
EndProject
Project("{2150E333-8FDC-42A3-9474-1A3956D46DE8}") = "UniversityModule", "UniversityModule", "{A90711A8-B81C-4D1F-815F-FE6BCB59F112}"
EndProject
Project("{FAE04EC0-301F-11D3-BF4B-00C04F79EFBC}") = "UniMeet.UniversityModule", "src\Modules\UniversityModule\UniMeet.UniversityModule\UniMeet.UniversityModule.csproj", "{08C0B86B-B965-46C8-900B-BE530DB8886A}"
EndProject
Project("{FAE04EC0-301F-11D3-BF4B-00C04F79EFBC}") = "UniMeet.UniversityModule.Domain", "src\Modules\UniversityModule\UniMeet.UniversityModule.Domain\UniMeet.UniversityModule.Domain.csproj", "{8A1220AB-53DA-462C-AF03-2AE6A93E6A7F}"
EndProject
Project("{FAE04EC0-301F-11D3-BF4B-00C04F79EFBC}") = "UniMeet.UniversityModule.Application", "src\Modules\UniversityModule\UniMeet.UniversityModule.Application\UniMeet.UniversityModule.Application.csproj", "{603FFA65-A4CA-4E73-AF49-BC7579FD9BCC}"
EndProject
Project("{FAE04EC0-301F-11D3-BF4B-00C04F79EFBC}") = "UniMeet.UniversityModule.Infrastructure", "src\Modules\UniversityModule\UniMeet.UniversityModule.Infrastructure\UniMeet.UniversityModule.Infrastructure.csproj", "{14222B24-6771-4EE4-AE11-3B0424AC0D3A}"
EndProject
Project("{2150E333-8FDC-42A3-9474-1A3956D46DE8}") = "EnrollmentModule", "EnrollmentModule", "{FEC846C5-991B-42CB-84D2-3B997DB15DA9}"
EndProject
Project("{FAE04EC0-301F-11D3-BF4B-00C04F79EFBC}") = "UniMeet.UserEnrollmentModule", "src\Modules\UserEnrollmentModule\UniMeet.UserEnrollmentModule\UniMeet.UserEnrollmentModule.csproj", "{3830E6C1-2C64-4F61-9566-0E7DACEE2885}"
EndProject
Project("{FAE04EC0-301F-11D3-BF4B-00C04F79EFBC}") = "UniMeet.UserEnrollmentModule.Domain", "src\Modules\UserEnrollmentModule\UniMeet.UserEnrollmentModule.Domain\UniMeet.UserEnrollmentModule.Domain.csproj", "{FB516E35-4A0C-4F9D-9551-08E9888CFC3D}"
EndProject
Project("{FAE04EC0-301F-11D3-BF4B-00C04F79EFBC}") = "UniMeet.UserEnrollmentModule.Infrastructure", "src\Modules\UserEnrollmentModule\UniMeet.UserEnrollmentModule.Infrastructure\UniMeet.UserEnrollmentModule.Infrastructure.csproj", "{815D9A85-EFB2-47BA-A1A1-5CB79149CEE4}"
EndProject
Project("{2150E333-8FDC-42A3-9474-1A3956D46DE8}") = "MailingModule", "MailingModule", "{8D369A38-D052-4870-ADED-62C655C32FA5}"
EndProject
Project("{FAE04EC0-301F-11D3-BF4B-00C04F79EFBC}") = "MailingModule", "src\Modules\MailingModule\MailingModule\MailingModule.csproj", "{99B22B11-5F22-4B48-A52E-C6C5DFBDACF7}"
EndProject
Project("{2150E333-8FDC-42A3-9474-1A3956D46DE8}") = "PermissionsModule", "PermissionsModule", "{950C8A57-D640-44AC-8065-8911D5C18706}"
EndProject
Project("{FAE04EC0-301F-11D3-BF4B-00C04F79EFBC}") = "UniMeet.PermissionsModule", "src\Modules\PermissionsModule\UniMeet.PermissionsModule\UniMeet.PermissionsModule.csproj", "{9CD28EDE-9B72-4063-9BE6-0F7269BC2CBA}"
EndProject
Project("{FAE04EC0-301F-11D3-BF4B-00C04F79EFBC}") = "UniMeet.PermissionsModule.Domain", "src\Modules\PermissionsModule\UniMeet.PermissionsModule.Domain\UniMeet.PermissionsModule.Domain.csproj", "{119A3FDF-6227-40EC-8C71-6BADDD3FFFDF}"
EndProject
Project("{FAE04EC0-301F-11D3-BF4B-00C04F79EFBC}") = "UniMeet.PermissionsModule.Application", "src\Modules\PermissionsModule\UniMeet.PermissionsModule.Application\UniMeet.PermissionsModule.Application.csproj", "{9F31A593-3137-4651-B029-F2168D46556A}"
EndProject
Project("{FAE04EC0-301F-11D3-BF4B-00C04F79EFBC}") = "UniMeet.PermissionsModule.Infrastructure", "src\Modules\PermissionsModule\UniMeet.PermissionsModule.Infrastructure\UniMeet.PermissionsModule.Infrastructure.csproj", "{AAD73A3F-1FC9-4A07-8E8A-FCA690E7E449}"
EndProject
Project("{2150E333-8FDC-42A3-9474-1A3956D46DE8}") = "docs_generator", "docs_generator", "{398B1DF1-C0A2-47C5-BF6A-B92CBD85C017}"
EndProject
Project("{FAE04EC0-301F-11D3-BF4B-00C04F79EFBC}") = "UniMeet.Docs.Generator", "docs_generator\UniMeet.Docs.Generator\UniMeet.Docs.Generator.csproj", "{84040F86-0932-45EE-A718-BDA9160D6184}"
EndProject
Project("{FAE04EC0-301F-11D3-BF4B-00C04F79EFBC}") = "UniMeet.UserEnrollmentModule.Application", "src\Modules\UserEnrollmentModule\UniMeet.UserEnrollmentModule.Application\UniMeet.UserEnrollmentModule.Application.csproj", "{041DEDAE-B144-4B55-9C52-8526AB5F214A}"
EndProject
Project("{2150E333-8FDC-42A3-9474-1A3956D46DE8}") = "MessagingModule", "MessagingModule", "{4B440B8C-8F2C-5E2F-5E7B-033EB63E36DE}"
EndProject
Project("{FAE04EC0-301F-11D3-BF4B-00C04F79EFBC}") = "UniMeet.MessagingModule.Domain", "src\Modules\MessagingModule\UniMeet.MessagingModule.Domain\UniMeet.MessagingModule.Domain.csproj", "{ABFD4FD6-E4D5-4C93-8F31-2CA2A6CFC323}"
EndProject
Project("{FAE04EC0-301F-11D3-BF4B-00C04F79EFBC}") = "UniMeet.MessagingModule.Application", "src\Modules\MessagingModule\UniMeet.MessagingModule.Application\UniMeet.MessagingModule.Application.csproj", "{FF2B5B4F-48AB-4194-AE3D-5D4BE0ADC349}"
EndProject
Project("{FAE04EC0-301F-11D3-BF4B-00C04F79EFBC}") = "UniMeet.MessagingModule.Infrastructure", "src\Modules\MessagingModule\UniMeet.MessagingModule.Infrastructure\UniMeet.MessagingModule.Infrastructure.csproj", "{315C97CA-7605-478F-BE21-7B23DF5727C2}"
EndProject
Project("{FAE04EC0-301F-11D3-BF4B-00C04F79EFBC}") = "UniMeet.MessagingModule", "src\Modules\MessagingModule\UniMeet.MessagingModule\UniMeet.MessagingModule.csproj", "{74DD213E-FD6D-45C6-B8E2-11EE0A505E85}"
EndProject
Project("{2150E333-8FDC-42A3-9474-1A3956D46DE8}") = "MatchingModule", "MatchingModule", "{5C6D7E8F-1A2B-3C4D-5E6F-7A8B9C0D1E2F}"
EndProject
Project("{FAE04EC0-301F-11D3-BF4B-00C04F79EFBC}") = "UniMeet.MatchingModule.Domain", "src\Modules\MatchingModule\UniMeet.MatchingModule.Domain\UniMeet.MatchingModule.Domain.csproj", "{A1B2C3D4-E5F6-7890-ABCD-EF1234567890}"
EndProject
Project("{FAE04EC0-301F-11D3-BF4B-00C04F79EFBC}") = "UniMeet.MatchingModule.Application", "src\Modules\MatchingModule\UniMeet.MatchingModule.Application\UniMeet.MatchingModule.Application.csproj", "{B2C3D4E5-F6A7-8901-BCDE-F23456789012}"
EndProject
Project("{FAE04EC0-301F-11D3-BF4B-00C04F79EFBC}") = "UniMeet.MatchingModule.Infrastructure", "src\Modules\MatchingModule\UniMeet.MatchingModule.Infrastructure\UniMeet.MatchingModule.Infrastructure.csproj", "{C3D4E5F6-A7B8-9012-CDEF-345678901234}"
EndProject
Project("{FAE04EC0-301F-11D3-BF4B-00C04F79EFBC}") = "UniMeet.MatchingModule", "src\Modules\MatchingModule\UniMeet.MatchingModule\UniMeet.MatchingModule.csproj", "{D4E5F6A7-B8C9-0123-DEFA-456789012345}"
EndProject
Project("{2150E333-8FDC-42A3-9474-1A3956D46DE8}") = "tests", "tests", "{0AB3BF05-4346-4AA6-1389-037BE0695223}"
EndProject
Project("{FAE04EC0-301F-11D3-BF4B-00C04F79EFBC}") = "UniMeet.ArchitectureTests", "tests\UniMeet.ArchitectureTests\UniMeet.ArchitectureTests.csproj", "{A1A99C97-9A9C-4B61-935E-431D86BD2590}"
EndProject
Project("{FAE04EC0-301F-11D3-BF4B-00C04F79EFBC}") = "UniMeet.UnitTests", "tests\UniMeet.UnitTests\UniMeet.UnitTests.csproj", "{92BAE42E-3B8C-458B-B438-5DF782AB6B6F}"
EndProject
Global
	GlobalSection(SolutionConfigurationPlatforms) = preSolution
		Debug|Any CPU = Debug|Any CPU
		Debug|x64 = Debug|x64
		Debug|x86 = Debug|x86
		Release|Any CPU = Release|Any CPU
		Release|x64 = Release|x64
		Release|x86 = Release|x86
	EndGlobalSection
	GlobalSection(ProjectConfigurationPlatforms) = postSolution
		{6D5880E7-E007-43C4-B5A0-9AB8FD22487C}.Debug|Any CPU.ActiveCfg = Debug|Any CPU
		{6D5880E7-E007-43C4-B5A0-9AB8FD22487C}.Debug|Any CPU.Build.0 = Debug|Any CPU
		{6D5880E7-E007-43C4-B5A0-9AB8FD22487C}.Debug|x64.ActiveCfg = Debug|Any CPU
		{6D5880E7-E007-43C4-B5A0-9AB8FD22487C}.Debug|x64.Build.0 = Debug|Any CPU
		{6D5880E7-E007-43C4-B5A0-9AB8FD22487C}.Debug|x86.ActiveCfg = Debug|Any CPU
		{6D5880E7-E007-43C4-B5A0-9AB8FD22487C}.Debug|x86.Build.0 = Debug|Any CPU
		{6D5880E7-E007-43C4-B5A0-9AB8FD22487C}.Release|Any CPU.ActiveCfg = Release|Any CPU
		{6D5880E7-E007-43C4-B5A0-9AB8FD22487C}.Release|Any CPU.Build.0 = Release|Any CPU
		{6D5880E7-E007-43C4-B5A0-9AB8FD22487C}.Release|x64.ActiveCfg = Release|Any CPU
		{6D5880E7-E007-43C4-B5A0-9AB8FD22487C}.Release|x64.Build.0 = Release|Any CPU
		{6D5880E7-E007-43C4-B5A0-9AB8FD22487C}.Release|x86.ActiveCfg = Release|Any CPU
		{6D5880E7-E007-43C4-B5A0-9AB8FD22487C}.Release|x86.Build.0 = Release|Any CPU
		{AC6D49BC-E2A8-4DDC-BD52-C254FDC26197}.Debug|Any CPU.ActiveCfg = Debug|Any CPU
		{AC6D49BC-E2A8-4DDC-BD52-C254FDC26197}.Debug|Any CPU.Build.0 = Debug|Any CPU
		{AC6D49BC-E2A8-4DDC-BD52-C254FDC26197}.Debug|x64.ActiveCfg = Debug|Any CPU
		{AC6D49BC-E2A8-4DDC-BD52-C254FDC26197}.Debug|x64.Build.0 = Debug|Any CPU
		{AC6D49BC-E2A8-4DDC-BD52-C254FDC26197}.Debug|x86.ActiveCfg = Debug|Any CPU
		{AC6D49BC-E2A8-4DDC-BD52-C254FDC26197}.Debug|x86.Build.0 = Debug|Any CPU
		{AC6D49BC-E2A8-4DDC-BD52-C254FDC26197}.Release|Any CPU.ActiveCfg = Release|Any CPU
		{AC6D49BC-E2A8-4DDC-BD52-C254FDC26197}.Release|Any CPU.Build.0 = Release|Any CPU
		{AC6D49BC-E2A8-4DDC-BD52-C254FDC26197}.Release|x64.ActiveCfg = Release|Any CPU
		{AC6D49BC-E2A8-4DDC-BD52-C254FDC26197}.Release|x64.Build.0 = Release|Any CPU
		{AC6D49BC-E2A8-4DDC-BD52-C254FDC26197}.Release|x86.ActiveCfg = Release|Any CPU
		{AC6D49BC-E2A8-4DDC-BD52-C254FDC26197}.Release|x86.Build.0 = Release|Any CPU
		{212608F0-D42F-416D-8666-3B9CA7E13EE7}.Debug|Any CPU.ActiveCfg = Debug|Any CPU
		{212608F0-D42F-416D-8666-3B9CA7E13EE7}.Debug|Any CPU.Build.0 = Debug|Any CPU
		{212608F0-D42F-416D-8666-3B9CA7E13EE7}.Debug|x64.ActiveCfg = Debug|Any CPU
		{212608F0-D42F-416D-8666-3B9CA7E13EE7}.Debug|x64.Build.0 = Debug|Any CPU
		{212608F0-D42F-416D-8666-3B9CA7E13EE7}.Debug|x86.ActiveCfg = Debug|Any CPU
		{212608F0-D42F-416D-8666-3B9CA7E13EE7}.Debug|x86.Build.0 = Debug|Any CPU
		{212608F0-D42F-416D-8666-3B9CA7E13EE7}.Release|Any CPU.ActiveCfg = Release|Any CPU
		{212608F0-D42F-416D-8666-3B9CA7E13EE7}.Release|Any CPU.Build.0 = Release|Any CPU
		{212608F0-D42F-416D-8666-3B9CA7E13EE7}.Release|x64.ActiveCfg = Release|Any CPU
		{212608F0-D42F-416D-8666-3B9CA7E13EE7}.Release|x64.Build.0 = Release|Any CPU
		{212608F0-D42F-416D-8666-3B9CA7E13EE7}.Release|x86.ActiveCfg = Release|Any CPU
		{212608F0-D42F-416D-8666-3B9CA7E13EE7}.Release|x86.Build.0 = Release|Any CPU
		{F698809F-617E-4CF3-BD83-A5417B35FC4A}.Debug|Any CPU.ActiveCfg = Debug|Any CPU
		{F698809F-617E-4CF3-BD83-A5417B35FC4A}.Debug|Any CPU.Build.0 = Debug|Any CPU
		{F698809F-617E-4CF3-BD83-A5417B35FC4A}.Debug|x64.ActiveCfg = Debug|Any CPU
		{F698809F-617E-4CF3-BD83-A5417B35FC4A}.Debug|x64.Build.0 = Debug|Any CPU
		{F698809F-617E-4CF3-BD83-A5417B35FC4A}.Debug|x86.ActiveCfg = Debug|Any CPU
		{F698809F-617E-4CF3-BD83-A5417B35FC4A}.Debug|x86.Build.0 = Debug|Any CPU
		{F698809F-617E-4CF3-BD83-A5417B35FC4A}.Release|Any CPU.ActiveCfg = Release|Any CPU
		{F698809F-617E-4CF3-BD83-A5417B35FC4A}.Release|Any CPU.Build.0 = Release|Any CPU
		{F698809F-617E-4CF3-BD83-A5417B35FC4A}.Release|x64.ActiveCfg = Release|Any CPU
		{F698809F-617E-4CF3-BD83-A5417B35FC4A}.Release|x64.Build.0 = Release|Any CPU
		{F698809F-617E-4CF3-BD83-A5417B35FC4A}.Release|x86.ActiveCfg = Release|Any CPU
		{F698809F-617E-4CF3-BD83-A5417B35FC4A}.Release|x86.Build.0 = Release|Any CPU
		{1F5C7313-9EFE-40F3-B90A-82856E98DC8B}.Debug|Any CPU.ActiveCfg = Debug|Any CPU
		{1F5C7313-9EFE-40F3-B90A-82856E98DC8B}.Debug|Any CPU.Build.0 = Debug|Any CPU
		{1F5C7313-9EFE-40F3-B90A-82856E98DC8B}.Debug|x64.ActiveCfg = Debug|Any CPU
		{1F5C7313-9EFE-40F3-B90A-82856E98DC8B}.Debug|x64.Build.0 = Debug|Any CPU
		{1F5C7313-9EFE-40F3-B90A-82856E98DC8B}.Debug|x86.ActiveCfg = Debug|Any CPU
		{1F5C7313-9EFE-40F3-B90A-82856E98DC8B}.Debug|x86.Build.0 = Debug|Any CPU
		{1F5C7313-9EFE-40F3-B90A-82856E98DC8B}.Release|Any CPU.ActiveCfg = Release|Any CPU
		{1F5C7313-9EFE-40F3-B90A-82856E98DC8B}.Release|Any CPU.Build.0 = Release|Any CPU
		{1F5C7313-9EFE-40F3-B90A-82856E98DC8B}.Release|x64.ActiveCfg = Release|Any CPU
		{1F5C7313-9EFE-40F3-B90A-82856E98DC8B}.Release|x64.Build.0 = Release|Any CPU
		{1F5C7313-9EFE-40F3-B90A-82856E98DC8B}.Release|x86.ActiveCfg = Release|Any CPU
		{1F5C7313-9EFE-40F3-B90A-82856E98DC8B}.Release|x86.Build.0 = Release|Any CPU
		{ADCF82CB-06E0-4281-975A-A58AF539C0B6}.Debug|Any CPU.ActiveCfg = Debug|Any CPU
		{ADCF82CB-06E0-4281-975A-A58AF539C0B6}.Debug|Any CPU.Build.0 = Debug|Any CPU
		{ADCF82CB-06E0-4281-975A-A58AF539C0B6}.Debug|x64.ActiveCfg = Debug|Any CPU
		{ADCF82CB-06E0-4281-975A-A58AF539C0B6}.Debug|x64.Build.0 = Debug|Any CPU
		{ADCF82CB-06E0-4281-975A-A58AF539C0B6}.Debug|x86.ActiveCfg = Debug|Any CPU
		{ADCF82CB-06E0-4281-975A-A58AF539C0B6}.Debug|x86.Build.0 = Debug|Any CPU
		{ADCF82CB-06E0-4281-975A-A58AF539C0B6}.Release|Any CPU.ActiveCfg = Release|Any CPU
		{ADCF82CB-06E0-4281-975A-A58AF539C0B6}.Release|Any CPU.Build.0 = Release|Any CPU
		{ADCF82CB-06E0-4281-975A-A58AF539C0B6}.Release|x64.ActiveCfg = Release|Any CPU
		{ADCF82CB-06E0-4281-975A-A58AF539C0B6}.Release|x64.Build.0 = Release|Any CPU
		{ADCF82CB-06E0-4281-975A-A58AF539C0B6}.Release|x86.ActiveCfg = Release|Any CPU
		{ADCF82CB-06E0-4281-975A-A58AF539C0B6}.Release|x86.Build.0 = Release|Any CPU
		{FE50E739-157B-46C4-A304-BF8BCA24762C}.Debug|Any CPU.ActiveCfg = Debug|Any CPU
		{FE50E739-157B-46C4-A304-BF8BCA24762C}.Debug|Any CPU.Build.0 = Debug|Any CPU
		{FE50E739-157B-46C4-A304-BF8BCA24762C}.Debug|x64.ActiveCfg = Debug|Any CPU
		{FE50E739-157B-46C4-A304-BF8BCA24762C}.Debug|x64.Build.0 = Debug|Any CPU
		{FE50E739-157B-46C4-A304-BF8BCA24762C}.Debug|x86.ActiveCfg = Debug|Any CPU
		{FE50E739-157B-46C4-A304-BF8BCA24762C}.Debug|x86.Build.0 = Debug|Any CPU
		{FE50E739-157B-46C4-A304-BF8BCA24762C}.Release|Any CPU.ActiveCfg = Release|Any CPU
		{FE50E739-157B-46C4-A304-BF8BCA24762C}.Release|Any CPU.Build.0 = Release|Any CPU
		{FE50E739-157B-46C4-A304-BF8BCA24762C}.Release|x64.ActiveCfg = Release|Any CPU
		{FE50E739-157B-46C4-A304-BF8BCA24762C}.Release|x64.Build.0 = Release|Any CPU
		{FE50E739-157B-46C4-A304-BF8BCA24762C}.Release|x86.ActiveCfg = Release|Any CPU
		{FE50E739-157B-46C4-A304-BF8BCA24762C}.Release|x86.Build.0 = Release|Any CPU
		{08C0B86B-B965-46C8-900B-BE530DB8886A}.Debug|Any CPU.ActiveCfg = Debug|Any CPU
		{08C0B86B-B965-46C8-900B-BE530DB8886A}.Debug|Any CPU.Build.0 = Debug|Any CPU
		{08C0B86B-B965-46C8-900B-BE530DB8886A}.Debug|x64.ActiveCfg = Debug|Any CPU
		{08C0B86B-B965-46C8-900B-BE530DB8886A}.Debug|x64.Build.0 = Debug|Any CPU
		{08C0B86B-B965-46C8-900B-BE530DB8886A}.Debug|x86.ActiveCfg = Debug|Any CPU
		{08C0B86B-B965-46C8-900B-BE530DB8886A}.Debug|x86.Build.0 = Debug|Any CPU
		{08C0B86B-B965-46C8-900B-BE530DB8886A}.Release|Any CPU.ActiveCfg = Release|Any CPU
		{08C0B86B-B965-46C8-900B-BE530DB8886A}.Release|Any CPU.Build.0 = Release|Any CPU
		{08C0B86B-B965-46C8-900B-BE530DB8886A}.Release|x64.ActiveCfg = Release|Any CPU
		{08C0B86B-B965-46C8-900B-BE530DB8886A}.Release|x64.Build.0 = Release|Any CPU
		{08C0B86B-B965-46C8-900B-BE530DB8886A}.Release|x86.ActiveCfg = Release|Any CPU
		{08C0B86B-B965-46C8-900B-BE530DB8886A}.Release|x86.Build.0 = Release|Any CPU
		{8A1220AB-53DA-462C-AF03-2AE6A93E6A7F}.Debug|Any CPU.ActiveCfg = Debug|Any CPU
		{8A1220AB-53DA-462C-AF03-2AE6A93E6A7F}.Debug|Any CPU.Build.0 = Debug|Any CPU
		{8A1220AB-53DA-462C-AF03-2AE6A93E6A7F}.Debug|x64.ActiveCfg = Debug|Any CPU
		{8A1220AB-53DA-462C-AF03-2AE6A93E6A7F}.Debug|x64.Build.0 = Debug|Any CPU
		{8A1220AB-53DA-462C-AF03-2AE6A93E6A7F}.Debug|x86.ActiveCfg = Debug|Any CPU
		{8A1220AB-53DA-462C-AF03-2AE6A93E6A7F}.Debug|x86.Build.0 = Debug|Any CPU
		{8A1220AB-53DA-462C-AF03-2AE6A93E6A7F}.Release|Any CPU.ActiveCfg = Release|Any CPU
		{8A1220AB-53DA-462C-AF03-2AE6A93E6A7F}.Release|Any CPU.Build.0 = Release|Any CPU
		{8A1220AB-53DA-462C-AF03-2AE6A93E6A7F}.Release|x64.ActiveCfg = Release|Any CPU
		{8A1220AB-53DA-462C-AF03-2AE6A93E6A7F}.Release|x64.Build.0 = Release|Any CPU
		{8A1220AB-53DA-462C-AF03-2AE6A93E6A7F}.Release|x86.ActiveCfg = Release|Any CPU
		{8A1220AB-53DA-462C-AF03-2AE6A93E6A7F}.Release|x86.Build.0 = Release|Any CPU
		{603FFA65-A4CA-4E73-AF49-BC7579FD9BCC}.Debug|Any CPU.ActiveCfg = Debug|Any CPU
		{603FFA65-A4CA-4E73-AF49-BC7579FD9BCC}.Debug|Any CPU.Build.0 = Debug|Any CPU
		{603FFA65-A4CA-4E73-AF49-BC7579FD9BCC}.Debug|x64.ActiveCfg = Debug|Any CPU
		{603FFA65-A4CA-4E73-AF49-BC7579FD9BCC}.Debug|x64.Build.0 = Debug|Any CPU
		{603FFA65-A4CA-4E73-AF49-BC7579FD9BCC}.Debug|x86.ActiveCfg = Debug|Any CPU
		{603FFA65-A4CA-4E73-AF49-BC7579FD9BCC}.Debug|x86.Build.0 = Debug|Any CPU
		{603FFA65-A4CA-4E73-AF49-BC7579FD9BCC}.Release|Any CPU.ActiveCfg = Release|Any CPU
		{603FFA65-A4CA-4E73-AF49-BC7579FD9BCC}.Release|Any CPU.Build.0 = Release|Any CPU
		{603FFA65-A4CA-4E73-AF49-BC7579FD9BCC}.Release|x64.ActiveCfg = Release|Any CPU
		{603FFA65-A4CA-4E73-AF49-BC7579FD9BCC}.Release|x64.Build.0 = Release|Any CPU
		{603FFA65-A4CA-4E73-AF49-BC7579FD9BCC}.Release|x86.ActiveCfg = Release|Any CPU
		{603FFA65-A4CA-4E73-AF49-BC7579FD9BCC}.Release|x86.Build.0 = Release|Any CPU
		{14222B24-6771-4EE4-AE11-3B0424AC0D3A}.Debug|Any CPU.ActiveCfg = Debug|Any CPU
		{14222B24-6771-4EE4-AE11-3B0424AC0D3A}.Debug|Any CPU.Build.0 = Debug|Any CPU
		{14222B24-6771-4EE4-AE11-3B0424AC0D3A}.Debug|x64.ActiveCfg = Debug|Any CPU
		{14222B24-6771-4EE4-AE11-3B0424AC0D3A}.Debug|x64.Build.0 = Debug|Any CPU
		{14222B24-6771-4EE4-AE11-3B0424AC0D3A}.Debug|x86.ActiveCfg = Debug|Any CPU
		{14222B24-6771-4EE4-AE11-3B0424AC0D3A}.Debug|x86.Build.0 = Debug|Any CPU
		{14222B24-6771-4EE4-AE11-3B0424AC0D3A}.Release|Any CPU.ActiveCfg = Release|Any CPU
		{14222B24-6771-4EE4-AE11-3B0424AC0D3A}.Release|Any CPU.Build.0 = Release|Any CPU
		{14222B24-6771-4EE4-AE11-3B0424AC0D3A}.Release|x64.ActiveCfg = Release|Any CPU
		{14222B24-6771-4EE4-AE11-3B0424AC0D3A}.Release|x64.Build.0 = Release|Any CPU
		{14222B24-6771-4EE4-AE11-3B0424AC0D3A}.Release|x86.ActiveCfg = Release|Any CPU
		{14222B24-6771-4EE4-AE11-3B0424AC0D3A}.Release|x86.Build.0 = Release|Any CPU
		{3830E6C1-2C64-4F61-9566-0E7DACEE2885}.Debug|Any CPU.ActiveCfg = Debug|Any CPU
		{3830E6C1-2C64-4F61-9566-0E7DACEE2885}.Debug|Any CPU.Build.0 = Debug|Any CPU
		{3830E6C1-2C64-4F61-9566-0E7DACEE2885}.Debug|x64.ActiveCfg = Debug|Any CPU
		{3830E6C1-2C64-4F61-9566-0E7DACEE2885}.Debug|x64.Build.0 = Debug|Any CPU
		{3830E6C1-2C64-4F61-9566-0E7DACEE2885}.Debug|x86.ActiveCfg = Debug|Any CPU
		{3830E6C1-2C64-4F61-9566-0E7DACEE2885}.Debug|x86.Build.0 = Debug|Any CPU
		{3830E6C1-2C64-4F61-9566-0E7DACEE2885}.Release|Any CPU.ActiveCfg = Release|Any CPU
		{3830E6C1-2C64-4F61-9566-0E7DACEE2885}.Release|Any CPU.Build.0 = Release|Any CPU
		{3830E6C1-2C64-4F61-9566-0E7DACEE2885}.Release|x64.ActiveCfg = Release|Any CPU
		{3830E6C1-2C64-4F61-9566-0E7DACEE2885}.Release|x64.Build.0 = Release|Any CPU
		{3830E6C1-2C64-4F61-9566-0E7DACEE2885}.Release|x86.ActiveCfg = Release|Any CPU
		{3830E6C1-2C64-4F61-9566-0E7DACEE2885}.Release|x86.Build.0 = Release|Any CPU
		{FB516E35-4A0C-4F9D-9551-08E9888CFC3D}.Debug|Any CPU.ActiveCfg = Debug|Any CPU
		{FB516E35-4A0C-4F9D-9551-08E9888CFC3D}.Debug|Any CPU.Build.0 = Debug|Any CPU
		{FB516E35-4A0C-4F9D-9551-08E9888CFC3D}.Debug|x64.ActiveCfg = Debug|Any CPU
		{FB516E35-4A0C-4F9D-9551-08E9888CFC3D}.Debug|x64.Build.0 = Debug|Any CPU
		{FB516E35-4A0C-4F9D-9551-08E9888CFC3D}.Debug|x86.ActiveCfg = Debug|Any CPU
		{FB516E35-4A0C-4F9D-9551-08E9888CFC3D}.Debug|x86.Build.0 = Debug|Any CPU
		{FB516E35-4A0C-4F9D-9551-08E9888CFC3D}.Release|Any CPU.ActiveCfg = Release|Any CPU
		{FB516E35-4A0C-4F9D-9551-08E9888CFC3D}.Release|Any CPU.Build.0 = Release|Any CPU
		{FB516E35-4A0C-4F9D-9551-08E9888CFC3D}.Release|x64.ActiveCfg = Release|Any CPU
		{FB516E35-4A0C-4F9D-9551-08E9888CFC3D}.Release|x64.Build.0 = Release|Any CPU
		{FB516E35-4A0C-4F9D-9551-08E9888CFC3D}.Release|x86.ActiveCfg = Release|Any CPU
		{FB516E35-4A0C-4F9D-9551-08E9888CFC3D}.Release|x86.Build.0 = Release|Any CPU
		{815D9A85-EFB2-47BA-A1A1-5CB79149CEE4}.Debug|Any CPU.ActiveCfg = Debug|Any CPU
		{815D9A85-EFB2-47BA-A1A1-5CB79149CEE4}.Debug|Any CPU.Build.0 = Debug|Any CPU
		{815D9A85-EFB2-47BA-A1A1-5CB79149CEE4}.Debug|x64.ActiveCfg = Debug|Any CPU
		{815D9A85-EFB2-47BA-A1A1-5CB79149CEE4}.Debug|x64.Build.0 = Debug|Any CPU
		{815D9A85-EFB2-47BA-A1A1-5CB79149CEE4}.Debug|x86.ActiveCfg = Debug|Any CPU
		{815D9A85-EFB2-47BA-A1A1-5CB79149CEE4}.Debug|x86.Build.0 = Debug|Any CPU
		{815D9A85-EFB2-47BA-A1A1-5CB79149CEE4}.Release|Any CPU.ActiveCfg = Release|Any CPU
		{815D9A85-EFB2-47BA-A1A1-5CB79149CEE4}.Release|Any CPU.Build.0 = Release|Any CPU
		{815D9A85-EFB2-47BA-A1A1-5CB79149CEE4}.Release|x64.ActiveCfg = Release|Any CPU
		{815D9A85-EFB2-47BA-A1A1-5CB79149CEE4}.Release|x64.Build.0 = Release|Any CPU
		{815D9A85-EFB2-47BA-A1A1-5CB79149CEE4}.Release|x86.ActiveCfg = Release|Any CPU
		{815D9A85-EFB2-47BA-A1A1-5CB79149CEE4}.Release|x86.Build.0 = Release|Any CPU
		{99B22B11-5F22-4B48-A52E-C6C5DFBDACF7}.Debug|Any CPU.ActiveCfg = Debug|Any CPU
		{99B22B11-5F22-4B48-A52E-C6C5DFBDACF7}.Debug|Any CPU.Build.0 = Debug|Any CPU
		{99B22B11-5F22-4B48-A52E-C6C5DFBDACF7}.Debug|x64.ActiveCfg = Debug|Any CPU
		{99B22B11-5F22-4B48-A52E-C6C5DFBDACF7}.Debug|x64.Build.0 = Debug|Any CPU
		{99B22B11-5F22-4B48-A52E-C6C5DFBDACF7}.Debug|x86.ActiveCfg = Debug|Any CPU
		{99B22B11-5F22-4B48-A52E-C6C5DFBDACF7}.Debug|x86.Build.0 = Debug|Any CPU
		{99B22B11-5F22-4B48-A52E-C6C5DFBDACF7}.Release|Any CPU.ActiveCfg = Release|Any CPU
		{99B22B11-5F22-4B48-A52E-C6C5DFBDACF7}.Release|Any CPU.Build.0 = Release|Any CPU
		{99B22B11-5F22-4B48-A52E-C6C5DFBDACF7}.Release|x64.ActiveCfg = Release|Any CPU
		{99B22B11-5F22-4B48-A52E-C6C5DFBDACF7}.Release|x64.Build.0 = Release|Any CPU
		{99B22B11-5F22-4B48-A52E-C6C5DFBDACF7}.Release|x86.ActiveCfg = Release|Any CPU
		{99B22B11-5F22-4B48-A52E-C6C5DFBDACF7}.Release|x86.Build.0 = Release|Any CPU
		{9CD28EDE-9B72-4063-9BE6-0F7269BC2CBA}.Debug|Any CPU.ActiveCfg = Debug|Any CPU
		{9CD28EDE-9B72-4063-9BE6-0F7269BC2CBA}.Debug|Any CPU.Build.0 = Debug|Any CPU
		{9CD28EDE-9B72-4063-9BE6-0F7269BC2CBA}.Debug|x64.ActiveCfg = Debug|Any CPU
		{9CD28EDE-9B72-4063-9BE6-0F7269BC2CBA}.Debug|x64.Build.0 = Debug|Any CPU
		{9CD28EDE-9B72-4063-9BE6-0F7269BC2CBA}.Debug|x86.ActiveCfg = Debug|Any CPU
		{9CD28EDE-9B72-4063-9BE6-0F7269BC2CBA}.Debug|x86.Build.0 = Debug|Any CPU
		{9CD28EDE-9B72-4063-9BE6-0F7269BC2CBA}.Release|Any CPU.ActiveCfg = Release|Any CPU
		{9CD28EDE-9B72-4063-9BE6-0F7269BC2CBA}.Release|Any CPU.Build.0 = Release|Any CPU
		{9CD28EDE-9B72-4063-9BE6-0F7269BC2CBA}.Release|x64.ActiveCfg = Release|Any CPU
		{9CD28EDE-9B72-4063-9BE6-0F7269BC2CBA}.Release|x64.Build.0 = Release|Any CPU
		{9CD28EDE-9B72-4063-9BE6-0F7269BC2CBA}.Release|x86.ActiveCfg = Release|Any CPU
		{9CD28EDE-9B72-4063-9BE6-0F7269BC2CBA}.Release|x86.Build.0 = Release|Any CPU
		{119A3FDF-6227-40EC-8C71-6BADDD3FFFDF}.Debug|Any CPU.ActiveCfg = Debug|Any CPU
		{119A3FDF-6227-40EC-8C71-6BADDD3FFFDF}.Debug|Any CPU.Build.0 = Debug|Any CPU
		{119A3FDF-6227-40EC-8C71-6BADDD3FFFDF}.Debug|x64.ActiveCfg = Debug|Any CPU
		{119A3FDF-6227-40EC-8C71-6BADDD3FFFDF}.Debug|x64.Build.0 = Debug|Any CPU
		{119A3FDF-6227-40EC-8C71-6BADDD3FFFDF}.Debug|x86.ActiveCfg = Debug|Any CPU
		{119A3FDF-6227-40EC-8C71-6BADDD3FFFDF}.Debug|x86.Build.0 = Debug|Any CPU
		{119A3FDF-6227-40EC-8C71-6BADDD3FFFDF}.Release|Any CPU.ActiveCfg = Release|Any CPU
		{119A3FDF-6227-40EC-8C71-6BADDD3FFFDF}.Release|Any CPU.Build.0 = Release|Any CPU
		{119A3FDF-6227-40EC-8C71-6BADDD3FFFDF}.Release|x64.ActiveCfg = Release|Any CPU
		{119A3FDF-6227-40EC-8C71-6BADDD3FFFDF}.Release|x64.Build.0 = Release|Any CPU
		{119A3FDF-6227-40EC-8C71-6BADDD3FFFDF}.Release|x86.ActiveCfg = Release|Any CPU
		{119A3FDF-6227-40EC-8C71-6BADDD3FFFDF}.Release|x86.Build.0 = Release|Any CPU
		{9F31A593-3137-4651-B029-F2168D46556A}.Debug|Any CPU.ActiveCfg = Debug|Any CPU
		{9F31A593-3137-4651-B029-F2168D46556A}.Debug|Any CPU.Build.0 = Debug|Any CPU
		{9F31A593-3137-4651-B029-F2168D46556A}.Debug|x64.ActiveCfg = Debug|Any CPU
		{9F31A593-3137-4651-B029-F2168D46556A}.Debug|x64.Build.0 = Debug|Any CPU
		{9F31A593-3137-4651-B029-F2168D46556A}.Debug|x86.ActiveCfg = Debug|Any CPU
		{9F31A593-3137-4651-B029-F2168D46556A}.Debug|x86.Build.0 = Debug|Any CPU
		{9F31A593-3137-4651-B029-F2168D46556A}.Release|Any CPU.ActiveCfg = Release|Any CPU
		{9F31A593-3137-4651-B029-F2168D46556A}.Release|Any CPU.Build.0 = Release|Any CPU
		{9F31A593-3137-4651-B029-F2168D46556A}.Release|x64.ActiveCfg = Release|Any CPU
		{9F31A593-3137-4651-B029-F2168D46556A}.Release|x64.Build.0 = Release|Any CPU
		{9F31A593-3137-4651-B029-F2168D46556A}.Release|x86.ActiveCfg = Release|Any CPU
		{9F31A593-3137-4651-B029-F2168D46556A}.Release|x86.Build.0 = Release|Any CPU
		{AAD73A3F-1FC9-4A07-8E8A-FCA690E7E449}.Debug|Any CPU.ActiveCfg = Debug|Any CPU
		{AAD73A3F-1FC9-4A07-8E8A-FCA690E7E449}.Debug|Any CPU.Build.0 = Debug|Any CPU
		{AAD73A3F-1FC9-4A07-8E8A-FCA690E7E449}.Debug|x64.ActiveCfg = Debug|Any CPU
		{AAD73A3F-1FC9-4A07-8E8A-FCA690E7E449}.Debug|x64.Build.0 = Debug|Any CPU
		{AAD73A3F-1FC9-4A07-8E8A-FCA690E7E449}.Debug|x86.ActiveCfg = Debug|Any CPU
		{AAD73A3F-1FC9-4A07-8E8A-FCA690E7E449}.Debug|x86.Build.0 = Debug|Any CPU
		{AAD73A3F-1FC9-4A07-8E8A-FCA690E7E449}.Release|Any CPU.ActiveCfg = Release|Any CPU
		{AAD73A3F-1FC9-4A07-8E8A-FCA690E7E449}.Release|Any CPU.Build.0 = Release|Any CPU
		{AAD73A3F-1FC9-4A07-8E8A-FCA690E7E449}.Release|x64.ActiveCfg = Release|Any CPU
		{AAD73A3F-1FC9-4A07-8E8A-FCA690E7E449}.Release|x64.Build.0 = Release|Any CPU
		{AAD73A3F-1FC9-4A07-8E8A-FCA690E7E449}.Release|x86.ActiveCfg = Release|Any CPU
		{AAD73A3F-1FC9-4A07-8E8A-FCA690E7E449}.Release|x86.Build.0 = Release|Any CPU
		{84040F86-0932-45EE-A718-BDA9160D6184}.Debug|Any CPU.ActiveCfg = Debug|Any CPU
		{84040F86-0932-45EE-A718-BDA9160D6184}.Debug|Any CPU.Build.0 = Debug|Any CPU
		{84040F86-0932-45EE-A718-BDA9160D6184}.Debug|x64.ActiveCfg = Debug|Any CPU
		{84040F86-0932-45EE-A718-BDA9160D6184}.Debug|x64.Build.0 = Debug|Any CPU
		{84040F86-0932-45EE-A718-BDA9160D6184}.Debug|x86.ActiveCfg = Debug|Any CPU
		{84040F86-0932-45EE-A718-BDA9160D6184}.Debug|x86.Build.0 = Debug|Any CPU
		{84040F86-0932-45EE-A718-BDA9160D6184}.Release|Any CPU.ActiveCfg = Release|Any CPU
		{84040F86-0932-45EE-A718-BDA9160D6184}.Release|Any CPU.Build.0 = Release|Any CPU
		{84040F86-0932-45EE-A718-BDA9160D6184}.Release|x64.ActiveCfg = Release|Any CPU
		{84040F86-0932-45EE-A718-BDA9160D6184}.Release|x64.Build.0 = Release|Any CPU
		{84040F86-0932-45EE-A718-BDA9160D6184}.Release|x86.ActiveCfg = Release|Any CPU
		{84040F86-0932-45EE-A718-BDA9160D6184}.Release|x86.Build.0 = Release|Any CPU
		{041DEDAE-B144-4B55-9C52-8526AB5F214A}.Debug|Any CPU.ActiveCfg = Debug|Any CPU
		{041DEDAE-B144-4B55-9C52-8526AB5F214A}.Debug|Any CPU.Build.0 = Debug|Any CPU
		{041DEDAE-B144-4B55-9C52-8526AB5F214A}.Debug|x64.ActiveCfg = Debug|Any CPU
		{041DEDAE-B144-4B55-9C52-8526AB5F214A}.Debug|x64.Build.0 = Debug|Any CPU
		{041DEDAE-B144-4B55-9C52-8526AB5F214A}.Debug|x86.ActiveCfg = Debug|Any CPU
		{041DEDAE-B144-4B55-9C52-8526AB5F214A}.Debug|x86.Build.0 = Debug|Any CPU
		{041DEDAE-B144-4B55-9C52-8526AB5F214A}.Release|Any CPU.ActiveCfg = Release|Any CPU
		{041DEDAE-B144-4B55-9C52-8526AB5F214A}.Release|Any CPU.Build.0 = Release|Any CPU
		{041DEDAE-B144-4B55-9C52-8526AB5F214A}.Release|x64.ActiveCfg = Release|Any CPU
		{041DEDAE-B144-4B55-9C52-8526AB5F214A}.Release|x64.Build.0 = Release|Any CPU
		{041DEDAE-B144-4B55-9C52-8526AB5F214A}.Release|x86.ActiveCfg = Release|Any CPU
		{041DEDAE-B144-4B55-9C52-8526AB5F214A}.Release|x86.Build.0 = Release|Any CPU
		{ABFD4FD6-E4D5-4C93-8F31-2CA2A6CFC323}.Debug|Any CPU.ActiveCfg = Debug|Any CPU
		{ABFD4FD6-E4D5-4C93-8F31-2CA2A6CFC323}.Debug|Any CPU.Build.0 = Debug|Any CPU
		{ABFD4FD6-E4D5-4C93-8F31-2CA2A6CFC323}.Debug|x64.ActiveCfg = Debug|Any CPU
		{ABFD4FD6-E4D5-4C93-8F31-2CA2A6CFC323}.Debug|x64.Build.0 = Debug|Any CPU
		{ABFD4FD6-E4D5-4C93-8F31-2CA2A6CFC323}.Debug|x86.ActiveCfg = Debug|Any CPU
		{ABFD4FD6-E4D5-4C93-8F31-2CA2A6CFC323}.Debug|x86.Build.0 = Debug|Any CPU
		{ABFD4FD6-E4D5-4C93-8F31-2CA2A6CFC323}.Release|Any CPU.ActiveCfg = Release|Any CPU
		{ABFD4FD6-E4D5-4C93-8F31-2CA2A6CFC323}.Release|Any CPU.Build.0 = Release|Any CPU
		{ABFD4FD6-E4D5-4C93-8F31-2CA2A6CFC323}.Release|x64.ActiveCfg = Release|Any CPU
		{ABFD4FD6-E4D5-4C93-8F31-2CA2A6CFC323}.Release|x64.Build.0 = Release|Any CPU
		{ABFD4FD6-E4D5-4C93-8F31-2CA2A6CFC323}.Release|x86.ActiveCfg = Release|Any CPU
		{ABFD4FD6-E4D5-4C93-8F31-2CA2A6CFC323}.Release|x86.Build.0 = Release|Any CPU
		{FF2B5B4F-48AB-4194-AE3D-5D4BE0ADC349}.Debug|Any CPU.ActiveCfg = Debug|Any CPU
		{FF2B5B4F-48AB-4194-AE3D-5D4BE0ADC349}.Debug|Any CPU.Build.0 = Debug|Any CPU
		{FF2B5B4F-48AB-4194-AE3D-5D4BE0ADC349}.Debug|x64.ActiveCfg = Debug|Any CPU
		{FF2B5B4F-48AB-4194-AE3D-5D4BE0ADC349}.Debug|x64.Build.0 = Debug|Any CPU
		{FF2B5B4F-48AB-4194-AE3D-5D4BE0ADC349}.Debug|x86.ActiveCfg = Debug|Any CPU
		{FF2B5B4F-48AB-4194-AE3D-5D4BE0ADC349}.Debug|x86.Build.0 = Debug|Any CPU
		{FF2B5B4F-48AB-4194-AE3D-5D4BE0ADC349}.Release|Any CPU.ActiveCfg = Release|Any CPU
		{FF2B5B4F-48AB-4194-AE3D-5D4BE0ADC349}.Release|Any CPU.Build.0 = Release|Any CPU
		{FF2B5B4F-48AB-4194-AE3D-5D4BE0ADC349}.Release|x64.ActiveCfg = Release|Any CPU
		{FF2B5B4F-48AB-4194-AE3D-5D4BE0ADC349}.Release|x64.Build.0 = Release|Any CPU
		{FF2B5B4F-48AB-4194-AE3D-5D4BE0ADC349}.Release|x86.ActiveCfg = Release|Any CPU
		{FF2B5B4F-48AB-4194-AE3D-5D4BE0ADC349}.Release|x86.Build.0 = Release|Any CPU
		{315C97CA-7605-478F-BE21-7B23DF5727C2}.Debug|Any CPU.ActiveCfg = Debug|Any CPU
		{315C97CA-7605-478F-BE21-7B23DF5727C2}.Debug|Any CPU.Build.0 = Debug|Any CPU
		{315C97CA-7605-478F-BE21-7B23DF5727C2}.Debug|x64.ActiveCfg = Debug|Any CPU
		{315C97CA-7605-478F-BE21-7B23DF5727C2}.Debug|x64.Build.0 = Debug|Any CPU
		{315C97CA-7605-478F-BE21-7B23DF5727C2}.Debug|x86.ActiveCfg = Debug|Any CPU
		{315C97CA-7605-478F-BE21-7B23DF5727C2}.Debug|x86.Build.0 = Debug|Any CPU
		{315C97CA-7605-478F-BE21-7B23DF5727C2}.Release|Any CPU.ActiveCfg = Release|Any CPU
		{315C97CA-7605-478F-BE21-7B23DF5727C2}.Release|Any CPU.Build.0 = Release|Any CPU
		{315C97CA-7605-478F-BE21-7B23DF5727C2}.Release|x64.ActiveCfg = Release|Any CPU
		{315C97CA-7605-478F-BE21-7B23DF5727C2}.Release|x64.Build.0 = Release|Any CPU
		{315C97CA-7605-478F-BE21-7B23DF5727C2}.Release|x86.ActiveCfg = Release|Any CPU
		{315C97CA-7605-478F-BE21-7B23DF5727C2}.Release|x86.Build.0 = Release|Any CPU
		{74DD213E-FD6D-45C6-B8E2-11EE0A505E85}.Debug|Any CPU.ActiveCfg = Debug|Any CPU
		{74DD213E-FD6D-45C6-B8E2-11EE0A505E85}.Debug|Any CPU.Build.0 = Debug|Any CPU
		{74DD213E-FD6D-45C6-B8E2-11EE0A505E85}.Debug|x64.ActiveCfg = Debug|Any CPU
		{74DD213E-FD6D-45C6-B8E2-11EE0A505E85}.Debug|x64.Build.0 = Debug|Any CPU
		{74DD213E-FD6D-45C6-B8E2-11EE0A505E85}.Debug|x86.ActiveCfg = Debug|Any CPU
		{74DD213E-FD6D-45C6-B8E2-11EE0A505E85}.Debug|x86.Build.0 = Debug|Any CPU
		{74DD213E-FD6D-45C6-B8E2-11EE0A505E85}.Release|Any CPU.ActiveCfg = Release|Any CPU
		{74DD213E-FD6D-45C6-B8E2-11EE0A505E85}.Release|Any CPU.Build.0 = Release|Any CPU
		{74DD213E-FD6D-45C6-B8E2-11EE0A505E85}.Release|x64.ActiveCfg = Release|Any CPU
		{74DD213E-FD6D-45C6-B8E2-11EE0A505E85}.Release|x64.Build.0 = Release|Any CPU
		{74DD213E-FD6D-45C6-B8E2-11EE0A505E85}.Release|x86.ActiveCfg = Release|Any CPU
		{74DD213E-FD6D-45C6-B8E2-11EE0A505E85}.Release|x86.Build.0 = Release|Any CPU
		{A1B2C3D4-E5F6-7890-ABCD-EF1234567890}.Debug|Any CPU.ActiveCfg = Debug|Any CPU
		{A1B2C3D4-E5F6-7890-ABCD-EF1234567890}.Debug|Any CPU.Build.0 = Debug|Any CPU
		{A1B2C3D4-E5F6-7890-ABCD-EF1234567890}.Debug|x64.ActiveCfg = Debug|Any CPU
		{A1B2C3D4-E5F6-7890-ABCD-EF1234567890}.Debug|x64.Build.0 = Debug|Any CPU
		{A1B2C3D4-E5F6-7890-ABCD-EF1234567890}.Debug|x86.ActiveCfg = Debug|Any CPU
		{A1B2C3D4-E5F6-7890-ABCD-EF1234567890}.Debug|x86.Build.0 = Debug|Any CPU
		{A1B2C3D4-E5F6-7890-ABCD-EF1234567890}.Release|Any CPU.ActiveCfg = Release|Any CPU
		{A1B2C3D4-E5F6-7890-ABCD-EF1234567890}.Release|Any CPU.Build.0 = Release|Any CPU
		{A1B2C3D4-E5F6-7890-ABCD-EF1234567890}.Release|x64.ActiveCfg = Release|Any CPU
		{A1B2C3D4-E5F6-7890-ABCD-EF1234567890}.Release|x64.Build.0 = Release|Any CPU
		{A1B2C3D4-E5F6-7890-ABCD-EF1234567890}.Release|x86.ActiveCfg = Release|Any CPU
		{A1B2C3D4-E5F6-7890-ABCD-EF1234567890}.Release|x86.Build.0 = Release|Any CPU
		{B2C3D4E5-F6A7-8901-BCDE-F23456789012}.Debug|Any CPU.ActiveCfg = Debug|Any CPU
		{B2C3D4E5-F6A7-8901-BCDE-F23456789012}.Debug|Any CPU.Build.0 = Debug|Any CPU
		{B2C3D4E5-F6A7-8901-BCDE-F23456789012}.Debug|x64.ActiveCfg = Debug|Any CPU
		{B2C3D4E5-F6A7-8901-BCDE-F23456789012}.Debug|x64.Build.0 = Debug|Any CPU
		{B2C3D4E5-F6A7-8901-BCDE-F23456789012}.Debug|x86.ActiveCfg = Debug|Any CPU
		{B2C3D4E5-F6A7-8901-BCDE-F23456789012}.Debug|x86.Build.0 = Debug|Any CPU
		{B2C3D4E5-F6A7-8901-BCDE-F23456789012}.Release|Any CPU.ActiveCfg = Release|Any CPU
		{B2C3D4E5-F6A7-8901-BCDE-F23456789012}.Release|Any CPU.Build.0 = Release|Any CPU
		{B2C3D4E5-F6A7-8901-BCDE-F23456789012}.Release|x64.ActiveCfg = Release|Any CPU
		{B2C3D4E5-F6A7-8901-BCDE-F23456789012}.Release|x64.Build.0 = Release|Any CPU
		{B2C3D4E5-F6A7-8901-BCDE-F23456789012}.Release|x86.ActiveCfg = Release|Any CPU
		{B2C3D4E5-F6A7-8901-BCDE-F23456789012}.Release|x86.Build.0 = Release|Any CPU
		{C3D4E5F6-A7B8-9012-CDEF-345678901234}.Debug|Any CPU.ActiveCfg = Debug|Any CPU
		{C3D4E5F6-A7B8-9012-CDEF-345678901234}.Debug|Any CPU.Build.0 = Debug|Any CPU
		{C3D4E5F6-A7B8-9012-CDEF-345678901234}.Debug|x64.ActiveCfg = Debug|Any CPU
		{C3D4E5F6-A7B8-9012-CDEF-345678901234}.Debug|x64.Build.0 = Debug|Any CPU
		{C3D4E5F6-A7B8-9012-CDEF-345678901234}.Debug|x86.ActiveCfg = Debug|Any CPU
		{C3D4E5F6-A7B8-9012-CDEF-345678901234}.Debug|x86.Build.0 = Debug|Any CPU
		{C3D4E5F6-A7B8-9012-CDEF-345678901234}.Release|Any CPU.ActiveCfg = Release|Any CPU
		{C3D4E5F6-A7B8-9012-CDEF-345678901234}.Release|Any CPU.Build.0 = Release|Any CPU
		{C3D4E5F6-A7B8-9012-CDEF-345678901234}.Release|x64.ActiveCfg = Release|Any CPU
		{C3D4E5F6-A7B8-9012-CDEF-345678901234}.Release|x64.Build.0 = Release|Any CPU
		{C3D4E5F6-A7B8-9012-CDEF-345678901234}.Release|x86.ActiveCfg = Release|Any CPU
		{C3D4E5F6-A7B8-9012-CDEF-345678901234}.Release|x86.Build.0 = Release|Any CPU
		{D4E5F6A7-B8C9-0123-DEFA-456789012345}.Debug|Any CPU.ActiveCfg = Debug|Any CPU
		{D4E5F6A7-B8C9-0123-DEFA-456789012345}.Debug|Any CPU.Build.0 = Debug|Any CPU
		{D4E5F6A7-B8C9-0123-DEFA-456789012345}.Debug|x64.ActiveCfg = Debug|Any CPU
		{D4E5F6A7-B8C9-0123-DEFA-456789012345}.Debug|x64.Build.0 = Debug|Any CPU
		{D4E5F6A7-B8C9-0123-DEFA-456789012345}.Debug|x86.ActiveCfg = Debug|Any CPU
		{D4E5F6A7-B8C9-0123-DEFA-456789012345}.Debug|x86.Build.0 = Debug|Any CPU
		{D4E5F6A7-B8C9-0123-DEFA-456789012345}.Release|Any CPU.ActiveCfg = Release|Any CPU
		{D4E5F6A7-B8C9-0123-DEFA-456789012345}.Release|Any CPU.Build.0 = Release|Any CPU
		{D4E5F6A7-B8C9-0123-DEFA-456789012345}.Release|x64.ActiveCfg = Release|Any CPU
		{D4E5F6A7-B8C9-0123-DEFA-456789012345}.Release|x64.Build.0 = Release|Any CPU
		{D4E5F6A7-B8C9-0123-DEFA-456789012345}.Release|x86.ActiveCfg = Release|Any CPU
		{D4E5F6A7-B8C9-0123-DEFA-456789012345}.Release|x86.Build.0 = Release|Any CPU
		{A1A99C97-9A9C-4B61-935E-431D86BD2590}.Debug|Any CPU.ActiveCfg = Debug|Any CPU
		{A1A99C97-9A9C-4B61-935E-431D86BD2590}.Debug|Any CPU.Build.0 = Debug|Any CPU
		{A1A99C97-9A9C-4B61-935E-431D86BD2590}.Debug|x64.ActiveCfg = Debug|Any CPU
		{A1A99C97-9A9C-4B61-935E-431D86BD2590}.Debug|x64.Build.0 = Debug|Any CPU
		{A1A99C97-9A9C-4B61-935E-431D86BD2590}.Debug|x86.ActiveCfg = Debug|Any CPU
		{A1A99C97-9A9C-4B61-935E-431D86BD2590}.Debug|x86.Build.0 = Debug|Any CPU
		{A1A99C97-9A9C-4B61-935E-431D86BD2590}.Release|Any CPU.ActiveCfg = Release|Any CPU
		{A1A99C97-9A9C-4B61-935E-431D86BD2590}.Release|Any CPU.Build.0 = Release|Any CPU
		{A1A99C97-9A9C-4B61-935E-431D86BD2590}.Release|x64.ActiveCfg = Release|Any CPU
		{A1A99C97-9A9C-4B61-935E-431D86BD2590}.Release|x64.Build.0 = Release|Any CPU
		{A1A99C97-9A9C-4B61-935E-431D86BD2590}.Release|x86.ActiveCfg = Release|Any CPU
		{A1A99C97-9A9C-4B61-935E-431D86BD2590}.Release|x86.Build.0 = Release|Any CPU
		{92BAE42E-3B8C-458B-B438-5DF782AB6B6F}.Debug|Any CPU.ActiveCfg = Debug|Any CPU
		{92BAE42E-3B8C-458B-B438-5DF782AB6B6F}.Debug|Any CPU.Build.0 = Debug|Any CPU
		{92BAE42E-3B8C-458B-B438-5DF782AB6B6F}.Debug|x64.ActiveCfg = Debug|Any CPU
		{92BAE42E-3B8C-458B-B438-5DF782AB6B6F}.Debug|x64.Build.0 = Debug|Any CPU
		{92BAE42E-3B8C-458B-B438-5DF782AB6B6F}.Debug|x86.ActiveCfg = Debug|Any CPU
		{92BAE42E-3B8C-458B-B438-5DF782AB6B6F}.Debug|x86.Build.0 = Debug|Any CPU
		{92BAE42E-3B8C-458B-B438-5DF782AB6B6F}.Release|Any CPU.ActiveCfg = Release|Any CPU
		{92BAE42E-3B8C-458B-B438-5DF782AB6B6F}.Release|Any CPU.Build.0 = Release|Any CPU
		{92BAE42E-3B8C-458B-B438-5DF782AB6B6F}.Release|x64.ActiveCfg = Release|Any CPU
		{92BAE42E-3B8C-458B-B438-5DF782AB6B6F}.Release|x64.Build.0 = Release|Any CPU
		{92BAE42E-3B8C-458B-B438-5DF782AB6B6F}.Release|x86.ActiveCfg = Release|Any CPU
		{92BAE42E-3B8C-458B-B438-5DF782AB6B6F}.Release|x86.Build.0 = Release|Any CPU
	EndGlobalSection
	GlobalSection(SolutionProperties) = preSolution
		HideSolutionNode = FALSE
	EndGlobalSection
	GlobalSection(NestedProjects) = preSolution
		{B85848D8-BCB5-496F-BDA8-D4E8A234E7F4} = {07DDEC5A-B01A-4478-B01E-9A93DB9751BF}
		{6D5880E7-E007-43C4-B5A0-9AB8FD22487C} = {07DDEC5A-B01A-4478-B01E-9A93DB9751BF}
		{AC6D49BC-E2A8-4DDC-BD52-C254FDC26197} = {07DDEC5A-B01A-4478-B01E-9A93DB9751BF}
		{212608F0-D42F-416D-8666-3B9CA7E13EE7} = {07DDEC5A-B01A-4478-B01E-9A93DB9751BF}
		{2519B08F-57E3-4864-867F-C2934262FFC3} = {B85848D8-BCB5-496F-BDA8-D4E8A234E7F4}
		{F698809F-617E-4CF3-BD83-A5417B35FC4A} = {2519B08F-57E3-4864-867F-C2934262FFC3}
		{1F5C7313-9EFE-40F3-B90A-82856E98DC8B} = {2519B08F-57E3-4864-867F-C2934262FFC3}
		{ADCF82CB-06E0-4281-975A-A58AF539C0B6} = {2519B08F-57E3-4864-867F-C2934262FFC3}
		{FE50E739-157B-46C4-A304-BF8BCA24762C} = {2519B08F-57E3-4864-867F-C2934262FFC3}
		{A90711A8-B81C-4D1F-815F-FE6BCB59F112} = {B85848D8-BCB5-496F-BDA8-D4E8A234E7F4}
		{08C0B86B-B965-46C8-900B-BE530DB8886A} = {A90711A8-B81C-4D1F-815F-FE6BCB59F112}
		{8A1220AB-53DA-462C-AF03-2AE6A93E6A7F} = {A90711A8-B81C-4D1F-815F-FE6BCB59F112}
		{603FFA65-A4CA-4E73-AF49-BC7579FD9BCC} = {A90711A8-B81C-4D1F-815F-FE6BCB59F112}
		{14222B24-6771-4EE4-AE11-3B0424AC0D3A} = {A90711A8-B81C-4D1F-815F-FE6BCB59F112}
		{FEC846C5-991B-42CB-84D2-3B997DB15DA9} = {B85848D8-BCB5-496F-BDA8-D4E8A234E7F4}
		{3830E6C1-2C64-4F61-9566-0E7DACEE2885} = {FEC846C5-991B-42CB-84D2-3B997DB15DA9}
		{FB516E35-4A0C-4F9D-9551-08E9888CFC3D} = {FEC846C5-991B-42CB-84D2-3B997DB15DA9}
		{815D9A85-EFB2-47BA-A1A1-5CB79149CEE4} = {FEC846C5-991B-42CB-84D2-3B997DB15DA9}
		{8D369A38-D052-4870-ADED-62C655C32FA5} = {B85848D8-BCB5-496F-BDA8-D4E8A234E7F4}
		{99B22B11-5F22-4B48-A52E-C6C5DFBDACF7} = {8D369A38-D052-4870-ADED-62C655C32FA5}
		{950C8A57-D640-44AC-8065-8911D5C18706} = {B85848D8-BCB5-496F-BDA8-D4E8A234E7F4}
		{9CD28EDE-9B72-4063-9BE6-0F7269BC2CBA} = {950C8A57-D640-44AC-8065-8911D5C18706}
		{119A3FDF-6227-40EC-8C71-6BADDD3FFFDF} = {950C8A57-D640-44AC-8065-8911D5C18706}
		{9F31A593-3137-4651-B029-F2168D46556A} = {950C8A57-D640-44AC-8065-8911D5C18706}
		{AAD73A3F-1FC9-4A07-8E8A-FCA690E7E449} = {950C8A57-D640-44AC-8065-8911D5C18706}
		{84040F86-0932-45EE-A718-BDA9160D6184} = {398B1DF1-C0A2-47C5-BF6A-B92CBD85C017}
		{041DEDAE-B144-4B55-9C52-8526AB5F214A} = {FEC846C5-991B-42CB-84D2-3B997DB15DA9}
		{4B440B8C-8F2C-5E2F-5E7B-033EB63E36DE} = {B85848D8-BCB5-496F-BDA8-D4E8A234E7F4}
		{ABFD4FD6-E4D5-4C93-8F31-2CA2A6CFC323} = {4B440B8C-8F2C-5E2F-5E7B-033EB63E36DE}
		{FF2B5B4F-48AB-4194-AE3D-5D4BE0ADC349} = {4B440B8C-8F2C-5E2F-5E7B-033EB63E36DE}
		{315C97CA-7605-478F-BE21-7B23DF5727C2} = {4B440B8C-8F2C-5E2F-5E7B-033EB63E36DE}
		{74DD213E-FD6D-45C6-B8E2-11EE0A505E85} = {4B440B8C-8F2C-5E2F-5E7B-033EB63E36DE}
		{5C6D7E8F-1A2B-3C4D-5E6F-7A8B9C0D1E2F} = {B85848D8-BCB5-496F-BDA8-D4E8A234E7F4}
		{A1B2C3D4-E5F6-7890-ABCD-EF1234567890} = {5C6D7E8F-1A2B-3C4D-5E6F-7A8B9C0D1E2F}
		{B2C3D4E5-F6A7-8901-BCDE-F23456789012} = {5C6D7E8F-1A2B-3C4D-5E6F-7A8B9C0D1E2F}
		{C3D4E5F6-A7B8-9012-CDEF-345678901234} = {5C6D7E8F-1A2B-3C4D-5E6F-7A8B9C0D1E2F}
		{D4E5F6A7-B8C9-0123-DEFA-456789012345} = {5C6D7E8F-1A2B-3C4D-5E6F-7A8B9C0D1E2F}
		{A1A99C97-9A9C-4B61-935E-431D86BD2590} = {0AB3BF05-4346-4AA6-1389-037BE0695223}
		{92BAE42E-3B8C-458B-B438-5DF782AB6B6F} = {0AB3BF05-4346-4AA6-1389-037BE0695223}
	EndGlobalSection
EndGlobal
